Microsoft Visual Studio Solution File, Format Version 11.00
# Visual Studio 2008

Project("{A6FEA7D8-A7E5-FA8B-26C6-91D22F3A39B9}") = "Darkling", "Assembly-CSharp-firstpass.csproj", "{0AF34DF8-617F-07E5-0D68-7E2F5208DFA0}"
EndProject
Project("{A6FEA7D8-A7E5-FA8B-26C6-91D22F3A39B9}") = "Darkling", "Assembly-CSharp.csproj", "{E47BE562-82A3-98DF-6B73-4DD93732C126}"
EndProject
Project("{A6FEA7D8-A7E5-FA8B-26C6-91D22F3A39B9}") = "Darkling", "Assembly-CSharp-Editor.csproj", "{5D3494B9-FC12-CEE5-E10F-7B55BC779100}"
EndProject
Project("{A6FEA7D8-A7E5-FA8B-26C6-91D22F3A39B9}") = "Darkling", "Assembly-UnityScript-firstpass.unityproj", "{28E2A974-F72A-EE7E-84A3-891DA4D14062}"
EndProject
Project("{A6FEA7D8-A7E5-FA8B-26C6-91D22F3A39B9}") = "Darkling", "Assembly-UnityScript.unityproj", "{533F0B82-D3CA-A79C-325E-7BE53EBAF808}"
EndProject
Project("{A6FEA7D8-A7E5-FA8B-26C6-91D22F3A39B9}") = "Darkling", "Assembly-UnityScript-Editor.unityproj", "{17F7E81F-02DD-5526-3605-905AE59C8095}"
EndProject
Global
	GlobalSection(SolutionConfigurationPlatforms) = preSolution
		Debug|Any CPU = Debug|Any CPU
		Release|Any CPU = Release|Any CPU
	EndGlobalSection
	GlobalSection(ProjectConfigurationPlatforms) = postSolution
		{0AF34DF8-617F-07E5-0D68-7E2F5208DFA0}.Debug|Any CPU.ActiveCfg = Debug|Any CPU
		{0AF34DF8-617F-07E5-0D68-7E2F5208DFA0}.Debug|Any CPU.Build.0 = Debug|Any CPU
		{0AF34DF8-617F-07E5-0D68-7E2F5208DFA0}.Release|Any CPU.ActiveCfg = Release|Any CPU
		{0AF34DF8-617F-07E5-0D68-7E2F5208DFA0}.Release|Any CPU.Build.0 = Release|Any CPU
		{E47BE562-82A3-98DF-6B73-4DD93732C126}.Debug|Any CPU.ActiveCfg = Debug|Any CPU
		{E47BE562-82A3-98DF-6B73-4DD93732C126}.Debug|Any CPU.Build.0 = Debug|Any CPU
		{E47BE562-82A3-98DF-6B73-4DD93732C126}.Release|Any CPU.ActiveCfg = Release|Any CPU
		{E47BE562-82A3-98DF-6B73-4DD93732C126}.Release|Any CPU.Build.0 = Release|Any CPU
		{5D3494B9-FC12-CEE5-E10F-7B55BC779100}.Debug|Any CPU.ActiveCfg = Debug|Any CPU
		{5D3494B9-FC12-CEE5-E10F-7B55BC779100}.Debug|Any CPU.Build.0 = Debug|Any CPU
		{5D3494B9-FC12-CEE5-E10F-7B55BC779100}.Release|Any CPU.ActiveCfg = Release|Any CPU
		{5D3494B9-FC12-CEE5-E10F-7B55BC779100}.Release|Any CPU.Build.0 = Release|Any CPU
		{28E2A974-F72A-EE7E-84A3-891DA4D14062}.Debug|Any CPU.ActiveCfg = Debug|Any CPU
		{28E2A974-F72A-EE7E-84A3-891DA4D14062}.Debug|Any CPU.Build.0 = Debug|Any CPU
		{28E2A974-F72A-EE7E-84A3-891DA4D14062}.Release|Any CPU.ActiveCfg = Release|Any CPU
		{28E2A974-F72A-EE7E-84A3-891DA4D14062}.Release|Any CPU.Build.0 = Release|Any CPU
		{533F0B82-D3CA-A79C-325E-7BE53EBAF808}.Debug|Any CPU.ActiveCfg = Debug|Any CPU
		{533F0B82-D3CA-A79C-325E-7BE53EBAF808}.Debug|Any CPU.Build.0 = Debug|Any CPU
		{533F0B82-D3CA-A79C-325E-7BE53EBAF808}.Release|Any CPU.ActiveCfg = Release|Any CPU
		{533F0B82-D3CA-A79C-325E-7BE53EBAF808}.Release|Any CPU.Build.0 = Release|Any CPU
		{17F7E81F-02DD-5526-3605-905AE59C8095}.Debug|Any CPU.ActiveCfg = Debug|Any CPU
		{17F7E81F-02DD-5526-3605-905AE59C8095}.Debug|Any CPU.Build.0 = Debug|Any CPU
		{17F7E81F-02DD-5526-3605-905AE59C8095}.Release|Any CPU.ActiveCfg = Release|Any CPU
		{17F7E81F-02DD-5526-3605-905AE59C8095}.Release|Any CPU.Build.0 = Release|Any CPU
	EndGlobalSection
	GlobalSection(SolutionProperties) = preSolution
		HideSolutionNode = FALSE
	EndGlobalSection
																																																																																																																																																																																																																																																																																																																																		GlobalSection(MonoDevelopProperties) = preSolution
		StartupItem = Assembly-CSharp.csproj
		Policies = $0
		$0.TextStylePolicy = $1
		$1.inheritsSet = null
		$1.scope = text/x-csharp
		$0.CSharpFormattingPolicy = $2
		$2.inheritsSet = Mono
		$2.inheritsScope = text/x-csharp
		$2.scope = text/x-csharp
		$0.TextStylePolicy = $3
		$3.FileWidth = 120
		$3.TabWidth = 4
		$3.EolMarker = Unix
		$3.inheritsSet = Mono
		$3.inheritsScope = text/plain
		$3.scope = text/plain
	EndGlobalSection

EndGlobal
